
Microsoft Visual Studio Solution File, Format Version 12.00
# Visual Studio Version 17
VisualStudioVersion = 17.7.34024.191
MinimumVisualStudioVersion = 10.0.40219.1
Project("{FAE04EC0-301F-11D3-BF4B-00C04F79EFBC}") = "StateTask", "StateTask\StateTask.csproj", "{8BE25ECD-22F4-4900-BE74-07BD89DCACF7}"
EndProject
Global
	GlobalSection(SolutionConfigurationPlatforms) = preSolution
		Debug|Any CPU = Debug|Any CPU
		Release|Any CPU = Release|Any CPU
	EndGlobalSection
	GlobalSection(ProjectConfigurationPlatforms) = postSolution
		{8BE25ECD-22F4-4900-BE74-07BD89DCACF7}.Debug|Any CPU.ActiveCfg = Debug|Any CPU
		{8BE25ECD-22F4-4900-BE74-07BD89DCACF7}.Debug|Any CPU.Build.0 = Debug|Any CPU
		{8BE25ECD-22F4-4900-BE74-07BD89DCACF7}.Release|Any CPU.ActiveCfg = Release|Any CPU
		{8BE25ECD-22F4-4900-BE74-07BD89DCACF7}.Release|Any CPU.Build.0 = Release|Any CPU
	EndGlobalSection
	GlobalSection(SolutionProperties) = preSolution
		HideSolutionNode = FALSE
	EndGlobalSection
	GlobalSection(ExtensibilityGlobals) = postSolution
		SolutionGuid = {1586C0C2-49E1-4053-8A21-1BC9F94AC414}
	EndGlobalSection
EndGlobal
